
Microsoft Visual Studio Solution File, Format Version 12.00
# Visual Studio Version 16
VisualStudioVersion = 16.0.30621.155
MinimumVisualStudioVersion = 10.0.40219.1
Project("{FAE04EC0-301F-11D3-BF4B-00C04F79EFBC}") = "oop_prapasanan", "oop_prapasanan\oop_prapasanan.csproj", "{29D27DCD-C40C-4632-B14F-C84E758DA0F7}"
EndProject
Global
	GlobalSection(SolutionConfigurationPlatforms) = preSolution
		Debug|Any CPU = Debug|Any CPU
		Release|Any CPU = Release|Any CPU
	EndGlobalSection
	GlobalSection(ProjectConfigurationPlatforms) = postSolution
		{29D27DCD-C40C-4632-B14F-C84E758DA0F7}.Debug|Any CPU.ActiveCfg = Debug|Any CPU
		{29D27DCD-C40C-4632-B14F-C84E758DA0F7}.Debug|Any CPU.Build.0 = Debug|Any CPU
		{29D27DCD-C40C-4632-B14F-C84E758DA0F7}.Release|Any CPU.ActiveCfg = Release|Any CPU
		{29D27DCD-C40C-4632-B14F-C84E758DA0F7}.Release|Any CPU.Build.0 = Release|Any CPU
	EndGlobalSection
	GlobalSection(SolutionProperties) = preSolution
		HideSolutionNode = FALSE
	EndGlobalSection
	GlobalSection(ExtensibilityGlobals) = postSolution
		SolutionGuid = {A98E823C-C4D5-4AA2-A550-D226962E5135}
	EndGlobalSection
EndGlobal
